{
  "name": "elwataniya-company",
  "version": "0.1.0",
  "lockfileVersion": 3,
  "requires": true,
  "packages": {
    "": {
      "name": "elwataniya-company",
      "version": "0.1.0",
      "devDependencies": {
        "typescript": "^6.0.3"
      }
    },
    "backend": {
      "version": "0.1.0",
      "extraneous": true,
      "dependencies": {
        "@nestjs/common": "^11.0.0",
        "@nestjs/config": "^4.0.0",
        "@nestjs/core": "^11.0.0",
        "@nestjs/jwt": "^11.0.0",
        "@nestjs/passport": "^11.0.0",
        "@nestjs/platform-express": "^11.0.0",
        "@nestjs/swagger": "^11.0.0",
        "@prisma/client": "^6.0.0",
        "bcryptjs": "^2.4.3",
        "class-transformer": "^0.5.1",
        "class-validator": "^0.14.1",
        "decimal.js": "^10.6.0",
        "nestjs-pino": "^4.6.1",
        "passport": "^0.7.0",
        "passport-jwt": "^4.0.1",
        "pino-http": "^11.0.0",
        "reflect-metadata": "^0.2.2",
        "rxjs": "^7.8.1"
      },
      "devDependencies": {
        "@nestjs/cli": "^11.0.0",
        "@nestjs/schematics": "^11.0.0",
        "@types/bcryptjs": "^2.4.6",
        "@types/express": "^5.0.0",
        "@types/node": "^22.0.0",
        "@types/passport-jwt": "^4.0.1",
        "prisma": "^6.0.0",
        "ts-node": "^10.9.2",
        "typescript": "^5.7.0"
      }
    },
    "frontend": {
      "name": "elwataniya-company",
      "version": "0.1.0",
      "extraneous": true,
      "dependencies": {
        "@supabase/supabase-js": "^2.107.0",
        "clsx": "^2.1.1",
        "framer-motion": "^12.40.0",
        "lucide-react": "^1.16.0",
        "next": "16.2.6",
        "next-intl": "^4.13.0",
        "react": "19.2.4",
        "react-dom": "19.2.4",
        "react-intersection-observer": "^10.0.3",
        "tailwind-merge": "^3.6.0"
      },
      "devDependencies": {
        "@tailwindcss/postcss": "^4",
        "@types/node": "^20",
        "@types/react": "^19",
        "@types/react-dom": "^19",
        "eslint": "^9",
        "eslint-config-next": "16.2.6",
        "tailwindcss": "^4",
        "typescript": "^5"
      }
    },
    "node_modules/typescript": {
      "version": "6.0.3",
      "resolved": "https://registry.npmjs.org/typescript/-/typescript-6.0.3.tgz",
      "integrity": "sha512-y2TvuxSZPDyQakkFRPZHKFm+KKVqIisdg9/CZwm9ftvKXLP8NRWj38/ODjNbr43SsoXqNuAisEf1GdCxqWcdBw==",
      "dev": true,
      "license": "Apache-2.0",
      "bin": {
        "tsc": "bin/tsc",
        "tsserver": "bin/tsserver"
      },
      "engines": {
        "node": ">=14.17"
      }
    }
  }
}
